PODS:
  - Kingfisher (5.14.0):
    - Kingfisher/Core (= 5.14.0)
  - Kingfisher/Core (5.14.0)

DEPENDENCIES:
  - Kingfisher

SPEC REPOS:
  trunk:
    - Kingfisher

SPEC CHECKSUMS:
  Kingfisher: 7b64389a43139c903ec434788344c288217c792d

PODFILE CHECKSUM: 2f2c2b35e2beca5b173a38c8b69a7d93ba76d64f

COCOAPODS: 1.9.3
